// !$*UTF8*$!
{
	archiveVersion = 1;
	classes = {
	};
	objectVersion = 55;
	objects = {

/* Begin PBXBuildFile section */
		BF1CD62D279E55EF0018E467 /* WishlistCollectionViewCell.swift in Sources */ = {isa = PBXBuildFile; fileRef = BF1CD62C279E55EE0018E467 /* WishlistCollectionViewCell.swift */; };
		BF1CD62F279E624B0018E467 /* BagCollectionViewCell.swift in Sources */ = {isa = PBXBuildFile; fileRef = BF1CD62E279E624B0018E467 /* BagCollectionViewCell.swift */; };
		BF4E1AB6279CD7D6009C6534 /* StoreCollectionViewCell.swift in Sources */ = {isa = PBXBuildFile; fileRef = BF4E1AB5279CD7D6009C6534 /* StoreCollectionViewCell.swift */; };
		BF4E1AB8279CDA85009C6534 /* CollectionViewModel.swift in Sources */ = {isa = PBXBuildFile; fileRef = BF4E1AB7279CDA85009C6534 /* CollectionViewModel.swift */; };
		BF5DA0E3279D8E040087FE35 /* PickerViewModel.swift in Sources */ = {isa = PBXBuildFile; fileRef = BF5DA0E2279D8E040087FE35 /* PickerViewModel.swift */; };
		BF5DA0E5279DA1CF0087FE35 /* DetailImagesCollectionViewCell.swift in Sources */ = {isa = PBXBuildFile; fileRef = BF5DA0E4279DA1CF0087FE35 /* DetailImagesCollectionViewCell.swift */; };
		BF65F2A2279D1388008E574F /* Double+Extensions.swift in Sources */ = {isa = PBXBuildFile; fileRef = BF65F2A1279D1388008E574F /* Double+Extensions.swift */; };
		BF65F2A5279D22D5008E574F /* ImageList.swift in Sources */ = {isa = PBXBuildFile; fileRef = BF65F2A4279D22D5008E574F /* ImageList.swift */; };
		BF65F2A7279D30DA008E574F /* DetailItemVC.swift in Sources */ = {isa = PBXBuildFile; fileRef = BF65F2A6279D30DA008E574F /* DetailItemVC.swift */; };
		BF65F2A9279D3108008E574F /* DetailItem.storyboard in Resources */ = {isa = PBXBuildFile; fileRef = BF65F2A8279D3108008E574F /* DetailItem.storyboard */; };
		BF65F2AB279D31D3008E574F /* UIView+Extensions.swift in Sources */ = {isa = PBXBuildFile; fileRef = BF65F2AA279D31D3008E574F /* UIView+Extensions.swift */; };
		BF8E6DA4279DB2A200F89574 /* DetailColorCollectionViewCell.swift in Sources */ = {isa = PBXBuildFile; fileRef = BF8E6DA3279DB2A200F89574 /* DetailColorCollectionViewCell.swift */; };
		BF8E6DA6279DB55100F89574 /* UIColor+Extensions.swift in Sources */ = {isa = PBXBuildFile; fileRef = BF8E6DA5279DB55100F89574 /* UIColor+Extensions.swift */; };
		BF8E6DAF279E212200F89574 /* ProductStore.swift in Sources */ = {isa = PBXBuildFile; fileRef = BF8E6DAE279E212200F89574 /* ProductStore.swift */; };
		BF8E6DB3279E39DD00F89574 /* UserDefaultsAndStructArray.swift in Sources */ = {isa = PBXBuildFile; fileRef = BF8E6DB2279E39DD00F89574 /* UserDefaultsAndStructArray.swift */; };
		BF8E6DB5279E4F0B00F89574 /* UIViewController+Extensions.swift in Sources */ = {isa = PBXBuildFile; fileRef = BF8E6DB4279E4F0B00F89574 /* UIViewController+Extensions.swift */; };
		BFAB646C279AD8A3009F5B35 /* AppDelegate.swift in Sources */ = {isa = PBXBuildFile; fileRef = BFAB646B279AD8A3009F5B35 /* AppDelegate.swift */; };
		BFAB646E279AD8A3009F5B35 /* SceneDelegate.swift in Sources */ = {isa = PBXBuildFile; fileRef = BFAB646D279AD8A3009F5B35 /* SceneDelegate.swift */; };
		BFAB6470279AD8A3009F5B35 /* MainVC.swift in Sources */ = {isa = PBXBuildFile; fileRef = BFAB646F279AD8A3009F5B35 /* MainVC.swift */; };
		BFAB6473279AD8A3009F5B35 /* Main.storyboard in Resources */ = {isa = PBXBuildFile; fileRef = BFAB6471279AD8A3009F5B35 /* Main.storyboard */; };
		BFAB6475279AD8A8009F5B35 /* Assets.xcassets in Resources */ = {isa = PBXBuildFile; fileRef = BFAB6474279AD8A8009F5B35 /* Assets.xcassets */; };
		BFAB6478279AD8A8009F5B35 /* LaunchScreen.storyboard in Resources */ = {isa = PBXBuildFile; fileRef = BFAB6476279AD8A8009F5B35 /* LaunchScreen.storyboard */; };
		BFAB6483279AD8A9009F5B35 /* iOS_AssessmentTests.swift in Sources */ = {isa = PBXBuildFile; fileRef = BFAB6482279AD8A9009F5B35 /* iOS_AssessmentTests.swift */; };
		BFAB648D279AD8A9009F5B35 /* iOS_AssessmentUITests.swift in Sources */ = {isa = PBXBuildFile; fileRef = BFAB648C279AD8A9009F5B35 /* iOS_AssessmentUITests.swift */; };
		BFAB648F279AD8A9009F5B35 /* iOS_AssessmentUITestsLaunchTests.swift in Sources */ = {isa = PBXBuildFile; fileRef = BFAB648E279AD8A9009F5B35 /* iOS_AssessmentUITestsLaunchTests.swift */; };
		BFAB649D279AEBBB009F5B35 /* Poppins-SemiBold.ttf in Resources */ = {isa = PBXBuildFile; fileRef = BFAB649C279AEBBB009F5B35 /* Poppins-SemiBold.ttf */; };
		BFAB64A0279AEC5F009F5B35 /* Poppins-Medium.ttf in Resources */ = {isa = PBXBuildFile; fileRef = BFAB649E279AEC5E009F5B35 /* Poppins-Medium.ttf */; };
		BFAB64A1279AEC5F009F5B35 /* Poppins-Regular.ttf in Resources */ = {isa = PBXBuildFile; fileRef = BFAB649F279AEC5F009F5B35 /* Poppins-Regular.ttf */; };
		BFAB64A3279AEC87009F5B35 /* Poppins-Bold.ttf in Resources */ = {isa = PBXBuildFile; fileRef = BFAB64A2279AEC87009F5B35 /* Poppins-Bold.ttf */; };
		BFAB64B1279B00E1009F5B35 /* StoreVC.swift in Sources */ = {isa = PBXBuildFile; fileRef = BFAB64B0279B00E1009F5B35 /* StoreVC.swift */; };
		BFAB64B3279B015D009F5B35 /* Store.storyboard in Resources */ = {isa = PBXBuildFile; fileRef = BFAB64B2279B015D009F5B35 /* Store.storyboard */; };
		BFAB64B5279B01B5009F5B35 /* YourBag.swift in Sources */ = {isa = PBXBuildFile; fileRef = BFAB64B4279B01B5009F5B35 /* YourBag.swift */; };
		BFAB64B7279B01CD009F5B35 /* YourBag.storyboard in Resources */ = {isa = PBXBuildFile; fileRef = BFAB64B6279B01CD009F5B35 /* YourBag.storyboard */; };
		BFAB64B9279B01EB009F5B35 /* Wishlist.swift in Sources */ = {isa = PBXBuildFile; fileRef = BFAB64B8279B01EB009F5B35 /* Wishlist.swift */; };
		BFAB64BB279B01F5009F5B35 /* Wishlist.storyboard in Resources */ = {isa = PBXBuildFile; fileRef = BFAB64BA279B01F5009F5B35 /* Wishlist.storyboard */; };
		BFAB64BE279B141A009F5B35 /* ProductItemModel.swift in Sources */ = {isa = PBXBuildFile; fileRef = BFAB64BD279B141A009F5B35 /* ProductItemModel.swift */; };
		BFAB64C0279B77AE009F5B35 /* APIService.swift in Sources */ = {isa = PBXBuildFile; fileRef = BFAB64BF279B77AE009F5B35 /* APIService.swift */; };
		BFAB64C2279B78AB009F5B35 /* ProductViewModel.swift in Sources */ = {isa = PBXBuildFile; fileRef = BFAB64C1279B78AB009F5B35 /* ProductViewModel.swift */; };
/* End PBXBuildFile section */

/* Begin PBXContainerItemProxy section */
		BFAB647F279AD8A9009F5B35 /* PBXContainerItemProxy */ = {
			isa = PBXContainerItemProxy;
			containerPortal = BFAB6460279AD8A2009F5B35 /* Project object */;
			proxyType = 1;
			remoteGlobalIDString = BFAB6467279AD8A2009F5B35;
			remoteInfo = "iOS Assessment";
		};
		BFAB6489279AD8A9009F5B35 /* PBXContainerItemProxy */ = {
			isa = PBXContainerItemProxy;
			containerPortal = BFAB6460279AD8A2009F5B35 /* Project object */;
			proxyType = 1;
			remoteGlobalIDString = BFAB6467279AD8A2009F5B35;
			remoteInfo = "iOS Assessment";
		};
/* End PBXContainerItemProxy section */

/* Begin PBXFileReference section */
		BF1CD62C279E55EE0018E467 /* WishlistCollectionViewCell.swift */ = {isa = PBXFileReference; lastKnownFileType = sourcecode.swift; path = WishlistCollectionViewCell.swift; sourceTree = "<group>"; };
		BF1CD62E279E624B0018E467 /* BagCollectionViewCell.swift */ = {isa = PBXFileReference; lastKnownFileType = sourcecode.swift; path = BagCollectionViewCell.swift; sourceTree = "<group>"; };
		BF4E1AB5279CD7D6009C6534 /* StoreCollectionViewCell.swift */ = {isa = PBXFileReference; lastKnownFileType = sourcecode.swift; path = StoreCollectionViewCell.swift; sourceTree = "<group>"; };
		BF4E1AB7279CDA85009C6534 /* CollectionViewModel.swift */ = {isa = PBXFileReference; lastKnownFileType = sourcecode.swift; path = CollectionViewModel.swift; sourceTree = "<group>"; };
		BF5DA0E2279D8E040087FE35 /* PickerViewModel.swift */ = {isa = PBXFileReference; lastKnownFileType = sourcecode.swift; path = PickerViewModel.swift; sourceTree = "<group>"; };
		BF5DA0E4279DA1CF0087FE35 /* DetailImagesCollectionViewCell.swift */ = {isa = PBXFileReference; lastKnownFileType = sourcecode.swift; path = DetailImagesCollectionViewCell.swift; sourceTree = "<group>"; };
		BF65F2A1279D1388008E574F /* Double+Extensions.swift */ = {isa = PBXFileReference; lastKnownFileType = sourcecode.swift; path = "Double+Extensions.swift"; sourceTree = "<group>"; };
		BF65F2A4279D22D5008E574F /* ImageList.swift */ = {isa = PBXFileReference; lastKnownFileType = sourcecode.swift; path = ImageList.swift; sourceTree = "<group>"; };
		BF65F2A6279D30DA008E574F /* DetailItemVC.swift */ = {isa = PBXFileReference; lastKnownFileType = sourcecode.swift; path = DetailItemVC.swift; sourceTree = "<group>"; };
		BF65F2A8279D3108008E574F /* DetailItem.storyboard */ = {isa = PBXFileReference; lastKnownFileType = file.storyboard; path = DetailItem.storyboard; sourceTree = "<group>"; };
		BF65F2AA279D31D3008E574F /* UIView+Extensions.swift */ = {isa = PBXFileReference; lastKnownFileType = sourcecode.swift; path = "UIView+Extensions.swift"; sourceTree = "<group>"; };
		BF8E6DA3279DB2A200F89574 /* DetailColorCollectionViewCell.swift */ = {isa = PBXFileReference; lastKnownFileType = sourcecode.swift; path = DetailColorCollectionViewCell.swift; sourceTree = "<group>"; };
		BF8E6DA5279DB55100F89574 /* UIColor+Extensions.swift */ = {isa = PBXFileReference; lastKnownFileType = sourcecode.swift; path = "UIColor+Extensions.swift"; sourceTree = "<group>"; };
		BF8E6DAE279E212200F89574 /* ProductStore.swift */ = {isa = PBXFileReference; lastKnownFileType = sourcecode.swift; path = ProductStore.swift; sourceTree = "<group>"; };
		BF8E6DB2279E39DD00F89574 /* UserDefaultsAndStructArray.swift */ = {isa = PBXFileReference; lastKnownFileType = sourcecode.swift; path = UserDefaultsAndStructArray.swift; sourceTree = "<group>"; };
		BF8E6DB4279E4F0B00F89574 /* UIViewController+Extensions.swift */ = {isa = PBXFileReference; lastKnownFileType = sourcecode.swift; path = "UIViewController+Extensions.swift"; sourceTree = "<group>"; };
		BFAB6468279AD8A2009F5B35 /* iOS Assessment.app */ = {isa = PBXFileReference; explicitFileType = wrapper.application; includeInIndex = 0; path = "iOS Assessment.app"; sourceTree = BUILT_PRODUCTS_DIR; };
		BFAB646B279AD8A3009F5B35 /* AppDelegate.swift */ = {isa = PBXFileReference; lastKnownFileType = sourcecode.swift; path = AppDelegate.swift; sourceTree = "<group>"; };
		BFAB646D279AD8A3009F5B35 /* SceneDelegate.swift */ = {isa = PBXFileReference; lastKnownFileType = sourcecode.swift; path = SceneDelegate.swift; sourceTree = "<group>"; };
		BFAB646F279AD8A3009F5B35 /* MainVC.swift */ = {isa = PBXFileReference; lastKnownFileType = sourcecode.swift; path = MainVC.swift; sourceTree = "<group>"; };
		BFAB6472279AD8A3009F5B35 /* Base */ = {isa = PBXFileReference; lastKnownFileType = file.storyboard; name = Base; path = Base.lproj/Main.storyboard; sourceTree = "<group>"; };
		BFAB6474279AD8A8009F5B35 /* Assets.xcassets */ = {isa = PBXFileReference; lastKnownFileType = folder.assetcatalog; path = Assets.xcassets; sourceTree = "<group>"; };
		BFAB6477279AD8A8009F5B35 /* Base */ = {isa = PBXFileReference; lastKnownFileType = file.storyboard; name = Base; path = Base.lproj/LaunchScreen.storyboard; sourceTree = "<group>"; };
		BFAB6479279AD8A8009F5B35 /* Info.plist */ = {isa = PBXFileReference; lastKnownFileType = text.plist.xml; path = Info.plist; sourceTree = "<group>"; };
		BFAB647E279AD8A9009F5B35 /* iOS AssessmentTests.xctest */ = {isa = PBXFileReference; explicitFileType = wrapper.cfbundle; includeInIndex = 0; path = "iOS AssessmentTests.xctest"; sourceTree = BUILT_PRODUCTS_DIR; };
		BFAB6482279AD8A9009F5B35 /* iOS_AssessmentTests.swift */ = {isa = PBXFileReference; lastKnownFileType = sourcecode.swift; path = iOS_AssessmentTests.swift; sourceTree = "<group>"; };
		BFAB6488279AD8A9009F5B35 /* iOS AssessmentUITests.xctest */ = {isa = PBXFileReference; explicitFileType = wrapper.cfbundle; includeInIndex = 0; path = "iOS AssessmentUITests.xctest"; sourceTree = BUILT_PRODUCTS_DIR; };
		BFAB648C279AD8A9009F5B35 /* iOS_AssessmentUITests.swift */ = {isa = PBXFileReference; lastKnownFileType = sourcecode.swift; path = iOS_AssessmentUITests.swift; sourceTree = "<group>"; };
		BFAB648E279AD8A9009F5B35 /* iOS_AssessmentUITestsLaunchTests.swift */ = {isa = PBXFileReference; lastKnownFileType = sourcecode.swift; path = iOS_AssessmentUITestsLaunchTests.swift; sourceTree = "<group>"; };
		BFAB649C279AEBBB009F5B35 /* Poppins-SemiBold.ttf */ = {isa = PBXFileReference; lastKnownFileType = file; path = "Poppins-SemiBold.ttf"; sourceTree = "<group>"; };
		BFAB649E279AEC5E009F5B35 /* Poppins-Medium.ttf */ = {isa = PBXFileReference; lastKnownFileType = file; path = "Poppins-Medium.ttf"; sourceTree = "<group>"; };
		BFAB649F279AEC5F009F5B35 /* Poppins-Regular.ttf */ = {isa = PBXFileReference; lastKnownFileType = file; path = "Poppins-Regular.ttf"; sourceTree = "<group>"; };
		BFAB64A2279AEC87009F5B35 /* Poppins-Bold.ttf */ = {isa = PBXFileReference; lastKnownFileType = file; path = "Poppins-Bold.ttf"; sourceTree = "<group>"; };
		BFAB64B0279B00E1009F5B35 /* StoreVC.swift */ = {isa = PBXFileReference; lastKnownFileType = sourcecode.swift; path = StoreVC.swift; sourceTree = "<group>"; };
		BFAB64B2279B015D009F5B35 /* Store.storyboard */ = {isa = PBXFileReference; lastKnownFileType = file.storyboard; path = Store.storyboard; sourceTree = "<group>"; };
		BFAB64B4279B01B5009F5B35 /* YourBag.swift */ = {isa = PBXFileReference; lastKnownFileType = sourcecode.swift; path = YourBag.swift; sourceTree = "<group>"; };
		BFAB64B6279B01CD009F5B35 /* YourBag.storyboard */ = {isa = PBXFileReference; lastKnownFileType = file.storyboard; path = YourBag.storyboard; sourceTree = "<group>"; };
		BFAB64B8279B01EB009F5B35 /* Wishlist.swift */ = {isa = PBXFileReference; lastKnownFileType = sourcecode.swift; path = Wishlist.swift; sourceTree = "<group>"; };
		BFAB64BA279B01F5009F5B35 /* Wishlist.storyboard */ = {isa = PBXFileReference; lastKnownFileType = file.storyboard; path = Wishlist.storyboard; sourceTree = "<group>"; };
		BFAB64BD279B141A009F5B35 /* ProductItemModel.swift */ = {isa = PBXFileReference; lastKnownFileType = sourcecode.swift; path = ProductItemModel.swift; sourceTree = "<group>"; };
		BFAB64BF279B77AE009F5B35 /* APIService.swift */ = {isa = PBXFileReference; lastKnownFileType = sourcecode.swift; path = APIService.swift; sourceTree = "<group>"; };
		BFAB64C1279B78AB009F5B35 /* ProductViewModel.swift */ = {isa = PBXFileReference; lastKnownFileType = sourcecode.swift; path = ProductViewModel.swift; sourceTree = "<group>"; };
/* End PBXFileReference section */

/* Begin PBXFrameworksBuildPhase section */
		BFAB6465279AD8A2009F5B35 /* Frameworks */ = {
			isa = PBXFrameworksBuildPhase;
			buildActionMask = 2147483647;
			files = (
			);
			runOnlyForDeploymentPostprocessing = 0;
		};
		BFAB647B279AD8A9009F5B35 /* Frameworks */ = {
			isa = PBXFrameworksBuildPhase;
			buildActionMask = 2147483647;
			files = (
			);
			runOnlyForDeploymentPostprocessing = 0;
		};
		BFAB6485279AD8A9009F5B35 /* Frameworks */ = {
			isa = PBXFrameworksBuildPhase;
			buildActionMask = 2147483647;
			files = (
			);
			runOnlyForDeploymentPostprocessing = 0;
		};
/* End PBXFrameworksBuildPhase section */

/* Begin PBXGroup section */
		BF5DA0DF279D85B60087FE35 /* TableViewCells */ = {
			isa = PBXGroup;
			children = (
			);
			path = TableViewCells;
			sourceTree = "<group>";
		};
		BF65F2A0279D1365008E574F /* Extensions */ = {
			isa = PBXGroup;
			children = (
				BF65F2A1279D1388008E574F /* Double+Extensions.swift */,
				BF65F2AA279D31D3008E574F /* UIView+Extensions.swift */,
				BF8E6DA5279DB55100F89574 /* UIColor+Extensions.swift */,
				BF8E6DB4279E4F0B00F89574 /* UIViewController+Extensions.swift */,
			);
			path = Extensions;
			sourceTree = "<group>";
		};
		BF65F2A3279D22AB008E574F /* Utills */ = {
			isa = PBXGroup;
			children = (
				BF65F2A4279D22D5008E574F /* ImageList.swift */,
				BF8E6DB2279E39DD00F89574 /* UserDefaultsAndStructArray.swift */,
			);
			path = Utills;
			sourceTree = "<group>";
		};
		BFAB645F279AD8A2009F5B35 = {
			isa = PBXGroup;
			children = (
				BFAB646A279AD8A2009F5B35 /* iOS Assessment */,
				BFAB6481279AD8A9009F5B35 /* iOS AssessmentTests */,
				BFAB648B279AD8A9009F5B35 /* iOS AssessmentUITests */,
				BFAB6469279AD8A2009F5B35 /* Products */,
			);
			sourceTree = "<group>";
		};
		BFAB6469279AD8A2009F5B35 /* Products */ = {
			isa = PBXGroup;
			children = (
				BFAB6468279AD8A2009F5B35 /* iOS Assessment.app */,
				BFAB647E279AD8A9009F5B35 /* iOS AssessmentTests.xctest */,
				BFAB6488279AD8A9009F5B35 /* iOS AssessmentUITests.xctest */,
			);
			name = Products;
			sourceTree = "<group>";
		};
		BFAB646A279AD8A2009F5B35 /* iOS Assessment */ = {
			isa = PBXGroup;
			children = (
				BFAB64AA279AEF44009F5B35 /* Common */,
				BFAB64A4279AEEAD009F5B35 /* Controllers */,
				BFAB64A5279AEEBB009F5B35 /* Models */,
				BFAB64A8279AEEF0009F5B35 /* ViewModels */,
				BFAB64BC279B1320009F5B35 /* CollectionViewCells */,
				BF5DA0DF279D85B60087FE35 /* TableViewCells */,
				BFAB64A9279AEF2F009F5B35 /* WebService */,
				BF65F2A0279D1365008E574F /* Extensions */,
				BF65F2A3279D22AB008E574F /* Utills */,
				BFAB649B279AEB69009F5B35 /* Resources */,
				BFAB6474279AD8A8009F5B35 /* Assets.xcassets */,
				BFAB6476279AD8A8009F5B35 /* LaunchScreen.storyboard */,
				BFAB6479279AD8A8009F5B35 /* Info.plist */,
			);
			path = "iOS Assessment";
			sourceTree = "<group>";
		};
		BFAB6481279AD8A9009F5B35 /* iOS AssessmentTests */ = {
			isa = PBXGroup;
			children = (
				BFAB6482279AD8A9009F5B35 /* iOS_AssessmentTests.swift */,
			);
			path = "iOS AssessmentTests";
			sourceTree = "<group>";
		};
		BFAB648B279AD8A9009F5B35 /* iOS AssessmentUITests */ = {
			isa = PBXGroup;
			children = (
				BFAB648C279AD8A9009F5B35 /* iOS_AssessmentUITests.swift */,
				BFAB648E279AD8A9009F5B35 /* iOS_AssessmentUITestsLaunchTests.swift */,
			);
			path = "iOS AssessmentUITests";
			sourceTree = "<group>";
		};
		BFAB649B279AEB69009F5B35 /* Resources */ = {
			isa = PBXGroup;
			children = (
				BFAB649F279AEC5F009F5B35 /* Poppins-Regular.ttf */,
				BFAB649E279AEC5E009F5B35 /* Poppins-Medium.ttf */,
				BFAB649C279AEBBB009F5B35 /* Poppins-SemiBold.ttf */,
				BFAB64A2279AEC87009F5B35 /* Poppins-Bold.ttf */,
			);
			path = Resources;
			sourceTree = "<group>";
		};
		BFAB64A4279AEEAD009F5B35 /* Controllers */ = {
			isa = PBXGroup;
			children = (
				BFAB64AF279B0073009F5B35 /* Wishlist */,
				BFAB64AE279B0059009F5B35 /* YourBag */,
				BFAB64AD279B0046009F5B35 /* Detail */,
				BFAB64AC279B0035009F5B35 /* Store */,
				BFAB64AB279B0009009F5B35 /* Main */,
			);
			path = Controllers;
			sourceTree = "<group>";
		};
		BFAB64A5279AEEBB009F5B35 /* Models */ = {
			isa = PBXGroup;
			children = (
				BFAB64BD279B141A009F5B35 /* ProductItemModel.swift */,
				BF8E6DAE279E212200F89574 /* ProductStore.swift */,
			);
			path = Models;
			sourceTree = "<group>";
		};
		BFAB64A8279AEEF0009F5B35 /* ViewModels */ = {
			isa = PBXGroup;
			children = (
				BFAB64C1279B78AB009F5B35 /* ProductViewModel.swift */,
				BF4E1AB7279CDA85009C6534 /* CollectionViewModel.swift */,
				BF5DA0E2279D8E040087FE35 /* PickerViewModel.swift */,
			);
			path = ViewModels;
			sourceTree = "<group>";
		};
		BFAB64A9279AEF2F009F5B35 /* WebService */ = {
			isa = PBXGroup;
			children = (
				BFAB64BF279B77AE009F5B35 /* APIService.swift */,
			);
			path = WebService;
			sourceTree = "<group>";
		};
		BFAB64AA279AEF44009F5B35 /* Common */ = {
			isa = PBXGroup;
			children = (
				BFAB646B279AD8A3009F5B35 /* AppDelegate.swift */,
				BFAB646D279AD8A3009F5B35 /* SceneDelegate.swift */,
			);
			path = Common;
			sourceTree = "<group>";
		};
		BFAB64AB279B0009009F5B35 /* Main */ = {
			isa = PBXGroup;
			children = (
				BFAB646F279AD8A3009F5B35 /* MainVC.swift */,
				BFAB6471279AD8A3009F5B35 /* Main.storyboard */,
			);
			path = Main;
			sourceTree = "<group>";
		};
		BFAB64AC279B0035009F5B35 /* Store */ = {
			isa = PBXGroup;
			children = (
				BFAB64B0279B00E1009F5B35 /* StoreVC.swift */,
				BFAB64B2279B015D009F5B35 /* Store.storyboard */,
			);
			path = Store;
			sourceTree = "<group>";
		};
		BFAB64AD279B0046009F5B35 /* Detail */ = {
			isa = PBXGroup;
			children = (
				BF65F2A6279D30DA008E574F /* DetailItemVC.swift */,
				BF65F2A8279D3108008E574F /* DetailItem.storyboard */,
			);
			path = Detail;
			sourceTree = "<group>";
		};
		BFAB64AE279B0059009F5B35 /* YourBag */ = {
			isa = PBXGroup;
			children = (
				BFAB64B4279B01B5009F5B35 /* YourBag.swift */,
				BFAB64B6279B01CD009F5B35 /* YourBag.storyboard */,
			);
			path = YourBag;
			sourceTree = "<group>";
		};
		BFAB64AF279B0073009F5B35 /* Wishlist */ = {
			isa = PBXGroup;
			children = (
				BFAB64B8279B01EB009F5B35 /* Wishlist.swift */,
				BFAB64BA279B01F5009F5B35 /* Wishlist.storyboard */,
			);
			path = Wishlist;
			sourceTree = "<group>";
		};
		BFAB64BC279B1320009F5B35 /* CollectionViewCells */ = {
			isa = PBXGroup;
			children = (
				BF4E1AB5279CD7D6009C6534 /* StoreCollectionViewCell.swift */,
				BF5DA0E4279DA1CF0087FE35 /* DetailImagesCollectionViewCell.swift */,
				BF8E6DA3279DB2A200F89574 /* DetailColorCollectionViewCell.swift */,
				BF1CD62C279E55EE0018E467 /* WishlistCollectionViewCell.swift */,
				BF1CD62E279E624B0018E467 /* BagCollectionViewCell.swift */,
			);
			path = CollectionViewCells;
			sourceTree = "<group>";
		};
/* End PBXGroup section */

/* Begin PBXNativeTarget section */
		BFAB6467279AD8A2009F5B35 /* iOS Assessment */ = {
			isa = PBXNativeTarget;
			buildConfigurationList = BFAB6492279AD8A9009F5B35 /* Build configuration list for PBXNativeTarget "iOS Assessment" */;
			buildPhases = (
				BFAB6464279AD8A2009F5B35 /* Sources */,
				BFAB6465279AD8A2009F5B35 /* Frameworks */,
				BFAB6466279AD8A2009F5B35 /* Resources */,
			);
			buildRules = (
			);
			dependencies = (
			);
			name = "iOS Assessment";
			productName = "iOS Assessment";
			productReference = BFAB6468279AD8A2009F5B35 /* iOS Assessment.app */;
			productType = "com.apple.product-type.application";
		};
		BFAB647D279AD8A9009F5B35 /* iOS AssessmentTests */ = {
			isa = PBXNativeTarget;
			buildConfigurationList = BFAB6495279AD8A9009F5B35 /* Build configuration list for PBXNativeTarget "iOS AssessmentTests" */;
			buildPhases = (
				BFAB647A279AD8A9009F5B35 /* Sources */,
				BFAB647B279AD8A9009F5B35 /* Frameworks */,
				BFAB647C279AD8A9009F5B35 /* Resources */,
			);
			buildRules = (
			);
			dependencies = (
				BFAB6480279AD8A9009F5B35 /* PBXTargetDependency */,
			);
			name = "iOS AssessmentTests";
			productName = "iOS AssessmentTests";
			productReference = BFAB647E279AD8A9009F5B35 /* iOS AssessmentTests.xctest */;
			productType = "com.apple.product-type.bundle.unit-test";
		};
		BFAB6487279AD8A9009F5B35 /* iOS AssessmentUITests */ = {
			isa = PBXNativeTarget;
			buildConfigurationList = BFAB6498279AD8A9009F5B35 /* Build configuration list for PBXNativeTarget "iOS AssessmentUITests" */;
			buildPhases = (
				BFAB6484279AD8A9009F5B35 /* Sources */,
				BFAB6485279AD8A9009F5B35 /* Frameworks */,
				BFAB6486279AD8A9009F5B35 /* Resources */,
			);
			buildRules = (
			);
			dependencies = (
				BFAB648A279AD8A9009F5B35 /* PBXTargetDependency */,
			);
			name = "iOS AssessmentUITests";
			productName = "iOS AssessmentUITests";
			productReference = BFAB6488279AD8A9009F5B35 /* iOS AssessmentUITests.xctest */;
			productType = "com.apple.product-type.bundle.ui-testing";
		};
/* End PBXNativeTarget section */

/* Begin PBXProject section */
		BFAB6460279AD8A2009F5B35 /* Project object */ = {
			isa = PBXProject;
			attributes = {
				BuildIndependentTargetsInParallel = 1;
				LastSwiftUpdateCheck = 1300;
				LastUpgradeCheck = 1300;
				TargetAttributes = {
					BFAB6467279AD8A2009F5B35 = {
						CreatedOnToolsVersion = 13.0;
					};
					BFAB647D279AD8A9009F5B35 = {
						CreatedOnToolsVersion = 13.0;
						TestTargetID = BFAB6467279AD8A2009F5B35;
					};
					BFAB6487279AD8A9009F5B35 = {
						CreatedOnToolsVersion = 13.0;
						TestTargetID = BFAB6467279AD8A2009F5B35;
					};
				};
			};
			buildConfigurationList = BFAB6463279AD8A2009F5B35 /* Build configuration list for PBXProject "iOS Assessment" */;
			compatibilityVersion = "Xcode 13.0";
			developmentRegion = en;
			hasScannedForEncodings = 0;
			knownRegions = (
				en,
				Base,
			);
			mainGroup = BFAB645F279AD8A2009F5B35;
			productRefGroup = BFAB6469279AD8A2009F5B35 /* Products */;
			projectDirPath = "";
			projectRoot = "";
			targets = (
				BFAB6467279AD8A2009F5B35 /* iOS Assessment */,
				BFAB647D279AD8A9009F5B35 /* iOS AssessmentTests */,
				BFAB6487279AD8A9009F5B35 /* iOS AssessmentUITests */,
			);
		};
/* End PBXProject section */

/* Begin PBXResourcesBuildPhase section */
		BFAB6466279AD8A2009F5B35 /* Resources */ = {
			isa = PBXResourcesBuildPhase;
			buildActionMask = 2147483647;
			files = (
				BFAB6478279AD8A8009F5B35 /* LaunchScreen.storyboard in Resources */,
				BF65F2A9279D3108008E574F /* DetailItem.storyboard in Resources */,
				BFAB649D279AEBBB009F5B35 /* Poppins-SemiBold.ttf in Resources */,
				BFAB64B7279B01CD009F5B35 /* YourBag.storyboard in Resources */,
				BFAB64A3279AEC87009F5B35 /* Poppins-Bold.ttf in Resources */,
				BFAB6475279AD8A8009F5B35 /* Assets.xcassets in Resources */,
				BFAB64BB279B01F5009F5B35 /* Wishlist.storyboard in Resources */,
				BFAB64B3279B015D009F5B35 /* Store.storyboard in Resources */,
				BFAB64A1279AEC5F009F5B35 /* Poppins-Regular.ttf in Resources */,
				BFAB6473279AD8A3009F5B35 /* Main.storyboard in Resources */,
				BFAB64A0279AEC5F009F5B35 /* Poppins-Medium.ttf in Resources */,
			);
			runOnlyForDeploymentPostprocessing = 0;
		};
		BFAB647C279AD8A9009F5B35 /* Resources */ = {
			isa = PBXResourcesBuildPhase;
			buildActionMask = 2147483647;
			files = (
			);
			runOnlyForDeploymentPostprocessing = 0;
		};
		BFAB6486279AD8A9009F5B35 /* Resources */ = {
			isa = PBXResourcesBuildPhase;
			buildActionMask = 2147483647;
			files = (
			);
			runOnlyForDeploymentPostprocessing = 0;
		};
/* End PBXResourcesBuildPhase section */

/* Begin PBXSourcesBuildPhase section */
		BFAB6464279AD8A2009F5B35 /* Sources */ = {
			isa = PBXSourcesBuildPhase;
			buildActionMask = 2147483647;
			files = (
				BFAB6470279AD8A3009F5B35 /* MainVC.swift in Sources */,
				BFAB64BE279B141A009F5B35 /* ProductItemModel.swift in Sources */,
				BF4E1AB6279CD7D6009C6534 /* StoreCollectionViewCell.swift in Sources */,
				BF1CD62D279E55EF0018E467 /* WishlistCollectionViewCell.swift in Sources */,
				BFAB646C279AD8A3009F5B35 /* AppDelegate.swift in Sources */,
				BFAB64B1279B00E1009F5B35 /* StoreVC.swift in Sources */,
				BF8E6DA4279DB2A200F89574 /* DetailColorCollectionViewCell.swift in Sources */,
				BF8E6DB5279E4F0B00F89574 /* UIViewController+Extensions.swift in Sources */,
				BF4E1AB8279CDA85009C6534 /* CollectionViewModel.swift in Sources */,
				BFAB64B5279B01B5009F5B35 /* YourBag.swift in Sources */,
				BFAB64C2279B78AB009F5B35 /* ProductViewModel.swift in Sources */,
				BFAB64B9279B01EB009F5B35 /* Wishlist.swift in Sources */,
				BF8E6DB3279E39DD00F89574 /* UserDefaultsAndStructArray.swift in Sources */,
				BF8E6DAF279E212200F89574 /* ProductStore.swift in Sources */,
				BF8E6DA6279DB55100F89574 /* UIColor+Extensions.swift in Sources */,
				BF1CD62F279E624B0018E467 /* BagCollectionViewCell.swift in Sources */,
				BF5DA0E5279DA1CF0087FE35 /* DetailImagesCollectionViewCell.swift in Sources */,
				BF65F2A5279D22D5008E574F /* ImageList.swift in Sources */,
				BF5DA0E3279D8E040087FE35 /* PickerViewModel.swift in Sources */,
				BFAB64C0279B77AE009F5B35 /* APIService.swift in Sources */,
				BF65F2A2279D1388008E574F /* Double+Extensions.swift in Sources */,
				BF65F2AB279D31D3008E574F /* UIView+Extensions.swift in Sources */,
				BFAB646E279AD8A3009F5B35 /* SceneDelegate.swift in Sources */,
				BF65F2A7279D30DA008E574F /* DetailItemVC.swift in Sources */,
			);
			runOnlyForDeploymentPostprocessing = 0;
		};
		BFAB647A279AD8A9009F5B35 /* Sources */ = {
			isa = PBXSourcesBuildPhase;
			buildActionMask = 2147483647;
			files = (
				BFAB6483279AD8A9009F5B35 /* iOS_AssessmentTests.swift in Sources */,
			);
			runOnlyForDeploymentPostprocessing = 0;
		};
		BFAB6484279AD8A9009F5B35 /* Sources */ = {
			isa = PBXSourcesBuildPhase;
			buildActionMask = 2147483647;
			files = (
				BFAB648F279AD8A9009F5B35 /* iOS_AssessmentUITestsLaunchTests.swift in Sources */,
				BFAB648D279AD8A9009F5B35 /* iOS_AssessmentUITests.swift in Sources */,
			);
			runOnlyForDeploymentPostprocessing = 0;
		};
/* End PBXSourcesBuildPhase section */

/* Begin PBXTargetDependency section */
		BFAB6480279AD8A9009F5B35 /* PBXTargetDependency */ = {
			isa = PBXTargetDependency;
			target = BFAB6467279AD8A2009F5B35 /* iOS Assessment */;
			targetProxy = BFAB647F279AD8A9009F5B35 /* PBXContainerItemProxy */;
		};
		BFAB648A279AD8A9009F5B35 /* PBXTargetDependency */ = {
			isa = PBXTargetDependency;
			target = BFAB6467279AD8A2009F5B35 /* iOS Assessment */;
			targetProxy = BFAB6489279AD8A9009F5B35 /* PBXContainerItemProxy */;
		};
/* End PBXTargetDependency section */

/* Begin PBXVariantGroup section */
		BFAB6471279AD8A3009F5B35 /* Main.storyboard */ = {
			isa = PBXVariantGroup;
			children = (
				BFAB6472279AD8A3009F5B35 /* Base */,
			);
			name = Main.storyboard;
			sourceTree = "<group>";
		};
		BFAB6476279AD8A8009F5B35 /* LaunchScreen.storyboard */ = {
			isa = PBXVariantGroup;
			children = (
				BFAB6477279AD8A8009F5B35 /* Base */,
			);
			name = LaunchScreen.storyboard;
			sourceTree = "<group>";
		};
/* End PBXVariantGroup section */

/* Begin XCBuildConfiguration section */
		BFAB6490279AD8A9009F5B35 /* Debug */ = {
			isa = XCBuildConfiguration;
			buildSettings = {
				ALWAYS_SEARCH_USER_PATHS = NO;
				CLANG_ANALYZER_NONNULL = YES;
				CLANG_ANALYZER_NUMBER_OBJECT_CONVERSION = YES_AGGRESSIVE;
				CLANG_CXX_LANGUAGE_STANDARD = "gnu++17";
				CLANG_CXX_LIBRARY = "libc++";
				CLANG_ENABLE_MODULES = YES;
				CLANG_ENABLE_OBJC_ARC = YES;
				CLANG_ENABLE_OBJC_WEAK = YES;
				CLANG_WARN_BLOCK_CAPTURE_AUTORELEASING = YES;
				CLANG_WARN_BOOL_CONVERSION = YES;
				CLANG_WARN_COMMA = YES;
				CLANG_WARN_CONSTANT_CONVERSION = YES;
				CLANG_WARN_DEPRECATED_OBJC_IMPLEMENTATIONS = YES;
				CLANG_WARN_DIRECT_OBJC_ISA_USAGE = YES_ERROR;
				CLANG_WARN_DOCUMENTATION_COMMENTS = YES;
				CLANG_WARN_EMPTY_BODY = YES;
				CLANG_WARN_ENUM_CONVERSION = YES;
				CLANG_WARN_INFINITE_RECURSION = YES;
				CLANG_WARN_INT_CONVERSION = YES;
				CLANG_WARN_NON_LITERAL_NULL_CONVERSION = YES;
				CLANG_WARN_OBJC_IMPLICIT_RETAIN_SELF = YES;
				CLANG_WARN_OBJC_LITERAL_CONVERSION = YES;
				CLANG_WARN_OBJC_ROOT_CLASS = YES_ERROR;
				CLANG_WARN_QUOTED_INCLUDE_IN_FRAMEWORK_HEADER = YES;
				CLANG_WARN_RANGE_LOOP_ANALYSIS = YES;
				CLANG_WARN_STRICT_PROTOTYPES = YES;
				CLANG_WARN_SUSPICIOUS_MOVE = YES;
				CLANG_WARN_UNGUARDED_AVAILABILITY = YES_AGGRESSIVE;
				CLANG_WARN_UNREACHABLE_CODE = YES;
				CLANG_WARN__DUPLICATE_METHOD_MATCH = YES;
				COPY_PHASE_STRIP = NO;
				DEBUG_INFORMATION_FORMAT = dwarf;
				ENABLE_STRICT_OBJC_MSGSEND = YES;
				ENABLE_TESTABILITY = YES;
				GCC_C_LANGUAGE_STANDARD = gnu11;
				GCC_DYNAMIC_NO_PIC = NO;
				GCC_NO_COMMON_BLOCKS = YES;
				GCC_OPTIMIZATION_LEVEL = 0;
				GCC_PREPROCESSOR_DEFINITIONS = (
					"DEBUG=1",
					"$(inherited)",
				);
				GCC_WARN_64_TO_32_BIT_CONVERSION = YES;
				GCC_WARN_ABOUT_RETURN_TYPE = YES_ERROR;
				GCC_WARN_UNDECLARED_SELECTOR = YES;
				GCC_WARN_UNINITIALIZED_AUTOS = YES_AGGRESSIVE;
				GCC_WARN_UNUSED_FUNCTION = YES;
				GCC_WARN_UNUSED_VARIABLE = YES;
				IPHONEOS_DEPLOYMENT_TARGET = 13.0;
				MTL_ENABLE_DEBUG_INFO = INCLUDE_SOURCE;
				MTL_FAST_MATH = YES;
				ONLY_ACTIVE_ARCH = YES;
				SDKROOT = iphoneos;
				SWIFT_ACTIVE_COMPILATION_CONDITIONS = DEBUG;
				SWIFT_OPTIMIZATION_LEVEL = "-Onone";
			};
			name = Debug;
		};
		BFAB6491279AD8A9009F5B35 /* Release */ = {
			isa = XCBuildConfiguration;
			buildSettings = {
				ALWAYS_SEARCH_USER_PATHS = NO;
				CLANG_ANALYZER_NONNULL = YES;
				CLANG_ANALYZER_NUMBER_OBJECT_CONVERSION = YES_AGGRESSIVE;
				CLANG_CXX_LANGUAGE_STANDARD = "gnu++17";
				CLANG_CXX_LIBRARY = "libc++";
				CLANG_ENABLE_MODULES = YES;
				CLANG_ENABLE_OBJC_ARC = YES;
				CLANG_ENABLE_OBJC_WEAK = YES;
				CLANG_WARN_BLOCK_CAPTURE_AUTORELEASING = YES;
				CLANG_WARN_BOOL_CONVERSION = YES;
				CLANG_WARN_COMMA = YES;
				CLANG_WARN_CONSTANT_CONVERSION = YES;
				CLANG_WARN_DEPRECATED_OBJC_IMPLEMENTATIONS = YES;
				CLANG_WARN_DIRECT_OBJC_ISA_USAGE = YES_ERROR;
				CLANG_WARN_DOCUMENTATION_COMMENTS = YES;
				CLANG_WARN_EMPTY_BODY = YES;
				CLANG_WARN_ENUM_CONVERSION = YES;
				CLANG_WARN_INFINITE_RECURSION = YES;
				CLANG_WARN_INT_CONVERSION = YES;
				CLANG_WARN_NON_LITERAL_NULL_CONVERSION = YES;
				CLANG_WARN_OBJC_IMPLICIT_RETAIN_SELF = YES;
				CLANG_WARN_OBJC_LITERAL_CONVERSION = YES;
				CLANG_WARN_OBJC_ROOT_CLASS = YES_ERROR;
				CLANG_WARN_QUOTED_INCLUDE_IN_FRAMEWORK_HEADER = YES;
				CLANG_WARN_RANGE_LOOP_ANALYSIS = YES;
				CLANG_WARN_STRICT_PROTOTYPES = YES;
				CLANG_WARN_SUSPICIOUS_MOVE = YES;
				CLANG_WARN_UNGUARDED_AVAILABILITY = YES_AGGRESSIVE;
				CLANG_WARN_UNREACHABLE_CODE = YES;
				CLANG_WARN__DUPLICATE_METHOD_MATCH = YES;
				COPY_PHASE_STRIP = NO;
				DEBUG_INFORMATION_FORMAT = "dwarf-with-dsym";
				ENABLE_NS_ASSERTIONS = NO;
				ENABLE_STRICT_OBJC_MSGSEND = YES;
				GCC_C_LANGUAGE_STANDARD = gnu11;
				GCC_NO_COMMON_BLOCKS = YES;
				GCC_WARN_64_TO_32_BIT_CONVERSION = YES;
				GCC_WARN_ABOUT_RETURN_TYPE = YES_ERROR;
				GCC_WARN_UNDECLARED_SELECTOR = YES;
				GCC_WARN_UNINITIALIZED_AUTOS = YES_AGGRESSIVE;
				GCC_WARN_UNUSED_FUNCTION = YES;
				GCC_WARN_UNUSED_VARIABLE = YES;
				IPHONEOS_DEPLOYMENT_TARGET = 13.0;
				MTL_ENABLE_DEBUG_INFO = NO;
				MTL_FAST_MATH = YES;
				SDKROOT = iphoneos;
				SWIFT_COMPILATION_MODE = wholemodule;
				SWIFT_OPTIMIZATION_LEVEL = "-O";
				VALIDATE_PRODUCT = YES;
			};
			name = Release;
		};
		BFAB6493279AD8A9009F5B35 /* Debug */ = {
			isa = XCBuildConfiguration;
			buildSettings = {
				ASSETCATALOG_COMPILER_APPICON_NAME = AppIcon;
				ASSETCATALOG_COMPILER_GLOBAL_ACCENT_COLOR_NAME = AccentColor;
				CODE_SIGN_STYLE = Automatic;
				CURRENT_PROJECT_VERSION = 1;
				DEVELOPMENT_TEAM = LAMAHK5UY5;
				GENERATE_INFOPLIST_FILE = YES;
				INFOPLIST_FILE = "iOS Assessment/Info.plist";
				INFOPLIST_KEY_UIApplicationSupportsIndirectInputEvents = YES;
				INFOPLIST_KEY_UILaunchStoryboardName = LaunchScreen;
				INFOPLIST_KEY_UIMainStoryboardFile = Main;
				INFOPLIST_KEY_UISupportedInterfaceOrientations_iPad = "UIInterfaceOrientationPortrait UIInterfaceOrientationPortraitUpsideDown UIInterfaceOrientationLandscapeLeft UIInterfaceOrientationLandscapeRight";
				INFOPLIST_KEY_UISupportedInterfaceOrientations_iPhone = "UIInterfaceOrientationPortrait UIInterfaceOrientationLandscapeLeft UIInterfaceOrientationLandscapeRight";
				IPHONEOS_DEPLOYMENT_TARGET = 15.0;
				LD_RUNPATH_SEARCH_PATHS = (
					"$(inherited)",
					"@executable_path/Frameworks",
				);
				MARKETING_VERSION = 1.0;
				PRODUCT_BUNDLE_IDENTIFIER = "test.iOS-Assessment";
				PRODUCT_NAME = "$(TARGET_NAME)";
				SWIFT_EMIT_LOC_STRINGS = YES;
				SWIFT_VERSION = 5.0;
				TARGETED_DEVICE_FAMILY = "1,2";
			};
			name = Debug;
		};
		BFAB6494279AD8A9009F5B35 /* Release */ = {
			isa = XCBuildConfiguration;
			buildSettings = {
				ASSETCATALOG_COMPILER_APPICON_NAME = AppIcon;
				ASSETCATALOG_COMPILER_GLOBAL_ACCENT_COLOR_NAME = AccentColor;
				CODE_SIGN_STYLE = Automatic;
				CURRENT_PROJECT_VERSION = 1;
				DEVELOPMENT_TEAM = LAMAHK5UY5;
				GENERATE_INFOPLIST_FILE = YES;
				INFOPLIST_FILE = "iOS Assessment/Info.plist";
				INFOPLIST_KEY_UIApplicationSupportsIndirectInputEvents = YES;
				INFOPLIST_KEY_UILaunchStoryboardName = LaunchScreen;
				INFOPLIST_KEY_UIMainStoryboardFile = Main;
				INFOPLIST_KEY_UISupportedInterfaceOrientations_iPad = "UIInterfaceOrientationPortrait UIInterfaceOrientationPortraitUpsideDown UIInterfaceOrientationLandscapeLeft UIInterfaceOrientationLandscapeRight";
				INFOPLIST_KEY_UISupportedInterfaceOrientations_iPhone = "UIInterfaceOrientationPortrait UIInterfaceOrientationLandscapeLeft UIInterfaceOrientationLandscapeRight";
				IPHONEOS_DEPLOYMENT_TARGET = 15.0;
				LD_RUNPATH_SEARCH_PATHS = (
					"$(inherited)",
					"@executable_path/Frameworks",
				);
				MARKETING_VERSION = 1.0;
				PRODUCT_BUNDLE_IDENTIFIER = "test.iOS-Assessment";
				PRODUCT_NAME = "$(TARGET_NAME)";
				SWIFT_EMIT_LOC_STRINGS = YES;
				SWIFT_VERSION = 5.0;
				TARGETED_DEVICE_FAMILY = "1,2";
			};
			name = Release;
		};
		BFAB6496279AD8A9009F5B35 /* Debug */ = {
			isa = XCBuildConfiguration;
			buildSettings = {
				ALWAYS_EMBED_SWIFT_STANDARD_LIBRARIES = YES;
				BUNDLE_LOADER = "$(TEST_HOST)";
				CODE_SIGN_STYLE = Automatic;
				CURRENT_PROJECT_VERSION = 1;
				DEVELOPMENT_TEAM = 3N99H2JKAJ;
				GENERATE_INFOPLIST_FILE = YES;
				IPHONEOS_DEPLOYMENT_TARGET = 15.0;
				LD_RUNPATH_SEARCH_PATHS = (
					"$(inherited)",
					"@executable_path/Frameworks",
					"@loader_path/Frameworks",
				);
				MARKETING_VERSION = 1.0;
				PRODUCT_BUNDLE_IDENTIFIER = "test.iOS-AssessmentTests";
				PRODUCT_NAME = "$(TARGET_NAME)";
				SWIFT_EMIT_LOC_STRINGS = NO;
				SWIFT_VERSION = 5.0;
				TARGETED_DEVICE_FAMILY = "1,2";
				TEST_HOST = "$(BUILT_PRODUCTS_DIR)/iOS Assessment.app/iOS Assessment";
			};
			name = Debug;
		};
		BFAB6497279AD8A9009F5B35 /* Release */ = {
			isa = XCBuildConfiguration;
			buildSettings = {
				ALWAYS_EMBED_SWIFT_STANDARD_LIBRARIES = YES;
				BUNDLE_LOADER = "$(TEST_HOST)";
				CODE_SIGN_STYLE = Automatic;
				CURRENT_PROJECT_VERSION = 1;
				DEVELOPMENT_TEAM = 3N99H2JKAJ;
				GENERATE_INFOPLIST_FILE = YES;
				IPHONEOS_DEPLOYMENT_TARGET = 15.0;
				LD_RUNPATH_SEARCH_PATHS = (
					"$(inherited)",
					"@executable_path/Frameworks",
					"@loader_path/Frameworks",
				);
				MARKETING_VERSION = 1.0;
				PRODUCT_BUNDLE_IDENTIFIER = "test.iOS-AssessmentTests";
				PRODUCT_NAME = "$(TARGET_NAME)";
				SWIFT_EMIT_LOC_STRINGS = NO;
				SWIFT_VERSION = 5.0;
				TARGETED_DEVICE_FAMILY = "1,2";
				TEST_HOST = "$(BUILT_PRODUCTS_DIR)/iOS Assessment.app/iOS Assessment";
			};
			name = Release;
		};
		BFAB6499279AD8A9009F5B35 /* Debug */ = {
			isa = XCBuildConfiguration;
			buildSettings = {
				ALWAYS_EMBED_SWIFT_STANDARD_LIBRARIES = YES;
				CODE_SIGN_STYLE = Automatic;
				CURRENT_PROJECT_VERSION = 1;
				DEVELOPMENT_TEAM = 3N99H2JKAJ;
				GENERATE_INFOPLIST_FILE = YES;
				LD_RUNPATH_SEARCH_PATHS = (
					"$(inherited)",
					"@executable_path/Frameworks",
					"@loader_path/Frameworks",
				);
				MARKETING_VERSION = 1.0;
				PRODUCT_BUNDLE_IDENTIFIER = "test.iOS-AssessmentUITests";
				PRODUCT_NAME = "$(TARGET_NAME)";
				SWIFT_EMIT_LOC_STRINGS = NO;
				SWIFT_VERSION = 5.0;
				TARGETED_DEVICE_FAMILY = "1,2";
				TEST_TARGET_NAME = "iOS Assessment";
			};
			name = Debug;
		};
		BFAB649A279AD8A9009F5B35 /* Release */ = {
			isa = XCBuildConfiguration;
			buildSettings = {
				ALWAYS_EMBED_SWIFT_STANDARD_LIBRARIES = YES;
				CODE_SIGN_STYLE = Automatic;
				CURRENT_PROJECT_VERSION = 1;
				DEVELOPMENT_TEAM = 3N99H2JKAJ;
				GENERATE_INFOPLIST_FILE = YES;
				LD_RUNPATH_SEARCH_PATHS = (
					"$(inherited)",
					"@executable_path/Frameworks",
					"@loader_path/Frameworks",
				);
				MARKETING_VERSION = 1.0;
				PRODUCT_BUNDLE_IDENTIFIER = "test.iOS-AssessmentUITests";
				PRODUCT_NAME = "$(TARGET_NAME)";
				SWIFT_EMIT_LOC_STRINGS = NO;
				SWIFT_VERSION = 5.0;
				TARGETED_DEVICE_FAMILY = "1,2";
				TEST_TARGET_NAME = "iOS Assessment";
			};
			name = Release;
		};
/* End XCBuildConfiguration section */

/* Begin XCConfigurationList section */
		BFAB6463279AD8A2009F5B35 /* Build configuration list for PBXProject "iOS Assessment" */ = {
			isa = XCConfigurationList;
			buildConfigurations = (
				BFAB6490279AD8A9009F5B35 /* Debug */,
				BFAB6491279AD8A9009F5B35 /* Release */,
			);
			defaultConfigurationIsVisible = 0;
			defaultConfigurationName = Release;
		};
		BFAB6492279AD8A9009F5B35 /* Build configuration list for PBXNativeTarget "iOS Assessment" */ = {
			isa = XCConfigurationList;
			buildConfigurations = (
				BFAB6493279AD8A9009F5B35 /* Debug */,
				BFAB6494279AD8A9009F5B35 /* Release */,
			);
			defaultConfigurationIsVisible = 0;
			defaultConfigurationName = Release;
		};
		BFAB6495279AD8A9009F5B35 /* Build configuration list for PBXNativeTarget "iOS AssessmentTests" */ = {
			isa = XCConfigurationList;
			buildConfigurations = (
				BFAB6496279AD8A9009F5B35 /* Debug */,
				BFAB6497279AD8A9009F5B35 /* Release */,
			);
			defaultConfigurationIsVisible = 0;
			defaultConfigurationName = Release;
		};
		BFAB6498279AD8A9009F5B35 /* Build configuration list for PBXNativeTarget "iOS AssessmentUITests" */ = {
			isa = XCConfigurationList;
			buildConfigurations = (
				BFAB6499279AD8A9009F5B35 /* Debug */,
				BFAB649A279AD8A9009F5B35 /* Release */,
			);
			defaultConfigurationIsVisible = 0;
			defaultConfigurationName = Release;
		};
/* End XCConfigurationList section */
	};
	rootObject = BFAB6460279AD8A2009F5B35 /* Project object */;
}
